
Microsoft Visual Studio Solution File, Format Version 12.00
# Visual Studio Version 17
VisualStudioVersion = 17.9.34622.214
MinimumVisualStudioVersion = 10.0.40219.1
Project("{FAE04EC0-301F-11D3-BF4B-00C04F79EFBC}") = "Beril.HotelReservation.Api", "Beril.HotelReservation.Api\Beril.HotelReservation.Api.csproj", "{ADF99418-D300-48DC-A363-27241E6DE678}"
EndProject
Project("{FAE04EC0-301F-11D3-BF4B-00C04F79EFBC}") = "Beril.HotelReservation.Data", "Beril.HotelReservation.Data\Beril.HotelReservation.Data.csproj", "{D60BAE34-D194-40B8-9573-AA8D68CC4E34}"
EndProject
Global
	GlobalSection(SolutionConfigurationPlatforms) = preSolution
		Debug|Any CPU = Debug|Any CPU
		Release|Any CPU = Release|Any CPU
	EndGlobalSection
	GlobalSection(ProjectConfigurationPlatforms) = postSolution
		{ADF99418-D300-48DC-A363-27241E6DE678}.Debug|Any CPU.ActiveCfg = Debug|Any CPU
		{ADF99418-D300-48DC-A363-27241E6DE678}.Debug|Any CPU.Build.0 = Debug|Any CPU
		{ADF99418-D300-48DC-A363-27241E6DE678}.Release|Any CPU.ActiveCfg = Release|Any CPU
		{ADF99418-D300-48DC-A363-27241E6DE678}.Release|Any CPU.Build.0 = Release|Any CPU
		{D60BAE34-D194-40B8-9573-AA8D68CC4E34}.Debug|Any CPU.ActiveCfg = Debug|Any CPU
		{D60BAE34-D194-40B8-9573-AA8D68CC4E34}.Debug|Any CPU.Build.0 = Debug|Any CPU
		{D60BAE34-D194-40B8-9573-AA8D68CC4E34}.Release|Any CPU.ActiveCfg = Release|Any CPU
		{D60BAE34-D194-40B8-9573-AA8D68CC4E34}.Release|Any CPU.Build.0 = Release|Any CPU
	EndGlobalSection
	GlobalSection(SolutionProperties) = preSolution
		HideSolutionNode = FALSE
	EndGlobalSection
	GlobalSection(ExtensibilityGlobals) = postSolution
		SolutionGuid = {2CB40334-8EFD-4464-AB72-3B6C8EA927D2}
	EndGlobalSection
EndGlobal
